
Microsoft Visual Studio Solution File, Format Version 12.00
# Visual Studio Version 17
VisualStudioVersion = 17.7.34221.43
MinimumVisualStudioVersion = 10.0.40219.1
Project("{9A19103F-16F7-4668-BE54-9A1E7A4F7556}") = "Entities", "Entities\Entities.csproj", "{0E16C9B5-C673-4E7A-B775-25F00B0A053A}"
EndProject
Project("{9A19103F-16F7-4668-BE54-9A1E7A4F7556}") = "DataAccess", "DataAccess\DataAccess.csproj", "{A6910527-A53B-4776-8004-3129D6C5DFA3}"
EndProject
Project("{9A19103F-16F7-4668-BE54-9A1E7A4F7556}") = "Business", "Business\Business.csproj", "{69EF353F-4346-4AB0-854E-FEC418D0D78E}"
EndProject
Project("{9A19103F-16F7-4668-BE54-9A1E7A4F7556}") = "ConsoleUI", "ConsoleUI\ConsoleUI.csproj", "{407BBE72-7C28-420F-8D7D-F1729B401CFF}"
EndProject
Project("{9A19103F-16F7-4668-BE54-9A1E7A4F7556}") = "Core", "Core\Core.csproj", "{30778DA9-8BFB-49C9-86B6-093F7C70A222}"
EndProject
Project("{FAE04EC0-301F-11D3-BF4B-00C04F79EFBC}") = "WebAPI", "WebAPI\WebAPI.csproj", "{ACBFD2AC-695C-42DD-BBDF-F7B8484E4662}"
EndProject
Global
	GlobalSection(SolutionConfigurationPlatforms) = preSolution
		Debug|Any CPU = Debug|Any CPU
		Release|Any CPU = Release|Any CPU
	EndGlobalSection
	GlobalSection(ProjectConfigurationPlatforms) = postSolution
		{0E16C9B5-C673-4E7A-B775-25F00B0A053A}.Debug|Any CPU.ActiveCfg = Debug|Any CPU
		{0E16C9B5-C673-4E7A-B775-25F00B0A053A}.Debug|Any CPU.Build.0 = Debug|Any CPU
		{0E16C9B5-C673-4E7A-B775-25F00B0A053A}.Release|Any CPU.ActiveCfg = Release|Any CPU
		{0E16C9B5-C673-4E7A-B775-25F00B0A053A}.Release|Any CPU.Build.0 = Release|Any CPU
		{A6910527-A53B-4776-8004-3129D6C5DFA3}.Debug|Any CPU.ActiveCfg = Debug|Any CPU
		{A6910527-A53B-4776-8004-3129D6C5DFA3}.Debug|Any CPU.Build.0 = Debug|Any CPU
		{A6910527-A53B-4776-8004-3129D6C5DFA3}.Release|Any CPU.ActiveCfg = Release|Any CPU
		{A6910527-A53B-4776-8004-3129D6C5DFA3}.Release|Any CPU.Build.0 = Release|Any CPU
		{69EF353F-4346-4AB0-854E-FEC418D0D78E}.Debug|Any CPU.ActiveCfg = Debug|Any CPU
		{69EF353F-4346-4AB0-854E-FEC418D0D78E}.Debug|Any CPU.Build.0 = Debug|Any CPU
		{69EF353F-4346-4AB0-854E-FEC418D0D78E}.Release|Any CPU.ActiveCfg = Release|Any CPU
		{69EF353F-4346-4AB0-854E-FEC418D0D78E}.Release|Any CPU.Build.0 = Release|Any CPU
		{407BBE72-7C28-420F-8D7D-F1729B401CFF}.Debug|Any CPU.ActiveCfg = Debug|Any CPU
		{407BBE72-7C28-420F-8D7D-F1729B401CFF}.Debug|Any CPU.Build.0 = Debug|Any CPU
		{407BBE72-7C28-420F-8D7D-F1729B401CFF}.Release|Any CPU.ActiveCfg = Release|Any CPU
		{407BBE72-7C28-420F-8D7D-F1729B401CFF}.Release|Any CPU.Build.0 = Release|Any CPU
		{30778DA9-8BFB-49C9-86B6-093F7C70A222}.Debug|Any CPU.ActiveCfg = Debug|Any CPU
		{30778DA9-8BFB-49C9-86B6-093F7C70A222}.Debug|Any CPU.Build.0 = Debug|Any CPU
		{30778DA9-8BFB-49C9-86B6-093F7C70A222}.Release|Any CPU.ActiveCfg = Release|Any CPU
		{30778DA9-8BFB-49C9-86B6-093F7C70A222}.Release|Any CPU.Build.0 = Release|Any CPU
		{ACBFD2AC-695C-42DD-BBDF-F7B8484E4662}.Debug|Any CPU.ActiveCfg = Debug|Any CPU
		{ACBFD2AC-695C-42DD-BBDF-F7B8484E4662}.Debug|Any CPU.Build.0 = Debug|Any CPU
		{ACBFD2AC-695C-42DD-BBDF-F7B8484E4662}.Release|Any CPU.ActiveCfg = Release|Any CPU
		{ACBFD2AC-695C-42DD-BBDF-F7B8484E4662}.Release|Any CPU.Build.0 = Release|Any CPU
	EndGlobalSection
	GlobalSection(SolutionProperties) = preSolution
		HideSolutionNode = FALSE
	EndGlobalSection
	GlobalSection(ExtensibilityGlobals) = postSolution
		SolutionGuid = {B6721295-17F7-4572-9E8B-848DF6501129}
	EndGlobalSection
EndGlobal
